
Microsoft Visual Studio Solution File, Format Version 12.00
# Visual Studio 15
VisualStudioVersion = 15.0.28307.1321
MinimumVisualStudioVersion = 10.0.40219.1
Project("{FAE04EC0-301F-11D3-BF4B-00C04F79EFBC}") = "EngVocabApp", "EngVocabApp.csproj", "{A9924DDC-13E5-4097-8E16-40E8EC463B8E}"
EndProject
Project("{FAE04EC0-301F-11D3-BF4B-00C04F79EFBC}") = "cs_Playground", "..\cs_Playground\cs_Playground.csproj", "{E467628C-3CE5-4C86-BE6A-4239825C17DD}"
EndProject
Project("{FAE04EC0-301F-11D3-BF4B-00C04F79EFBC}") = "InAppDictionary", "InAppDictionary\InAppDictionary.csproj", "{8DD7A990-3968-4F95-9F88-E07F715DB1F1}"
EndProject
Project("{FAE04EC0-301F-11D3-BF4B-00C04F79EFBC}") = "Tester", "..\Tester\Tester.csproj", "{CE2995DD-36F4-4B3D-9168-95C524F9CFB6}"
EndProject
Project("{FAE04EC0-301F-11D3-BF4B-00C04F79EFBC}") = "AppOperations", "..\AppOperations\AppOperations.csproj", "{B9834030-909C-41E0-B682-370632A143F8}"
EndProject
Global
	GlobalSection(SolutionConfigurationPlatforms) = preSolution
		Debug|Any CPU = Debug|Any CPU
		Debug|x64 = Debug|x64
		Debug|x86 = Debug|x86
		Release|Any CPU = Release|Any CPU
		Release|x64 = Release|x64
		Release|x86 = Release|x86
	EndGlobalSection
	GlobalSection(ProjectConfigurationPlatforms) = postSolution
		{A9924DDC-13E5-4097-8E16-40E8EC463B8E}.Debug|Any CPU.ActiveCfg = Debug|Any CPU
		{A9924DDC-13E5-4097-8E16-40E8EC463B8E}.Debug|Any CPU.Build.0 = Debug|Any CPU
		{A9924DDC-13E5-4097-8E16-40E8EC463B8E}.Debug|x64.ActiveCfg = Debug|Any CPU
		{A9924DDC-13E5-4097-8E16-40E8EC463B8E}.Debug|x64.Build.0 = Debug|Any CPU
		{A9924DDC-13E5-4097-8E16-40E8EC463B8E}.Debug|x86.ActiveCfg = Debug|Any CPU
		{A9924DDC-13E5-4097-8E16-40E8EC463B8E}.Debug|x86.Build.0 = Debug|Any CPU
		{A9924DDC-13E5-4097-8E16-40E8EC463B8E}.Release|Any CPU.ActiveCfg = Debug|Any CPU
		{A9924DDC-13E5-4097-8E16-40E8EC463B8E}.Release|Any CPU.Build.0 = Debug|Any CPU
		{A9924DDC-13E5-4097-8E16-40E8EC463B8E}.Release|x64.ActiveCfg = Release|Any CPU
		{A9924DDC-13E5-4097-8E16-40E8EC463B8E}.Release|x64.Build.0 = Release|Any CPU
		{A9924DDC-13E5-4097-8E16-40E8EC463B8E}.Release|x86.ActiveCfg = Release|Any CPU
		{A9924DDC-13E5-4097-8E16-40E8EC463B8E}.Release|x86.Build.0 = Release|Any CPU
		{E467628C-3CE5-4C86-BE6A-4239825C17DD}.Debug|Any CPU.ActiveCfg = Debug|Any CPU
		{E467628C-3CE5-4C86-BE6A-4239825C17DD}.Debug|Any CPU.Build.0 = Debug|Any CPU
		{E467628C-3CE5-4C86-BE6A-4239825C17DD}.Debug|x64.ActiveCfg = Debug|Any CPU
		{E467628C-3CE5-4C86-BE6A-4239825C17DD}.Debug|x64.Build.0 = Debug|Any CPU
		{E467628C-3CE5-4C86-BE6A-4239825C17DD}.Debug|x86.ActiveCfg = Debug|Any CPU
		{E467628C-3CE5-4C86-BE6A-4239825C17DD}.Debug|x86.Build.0 = Debug|Any CPU
		{E467628C-3CE5-4C86-BE6A-4239825C17DD}.Release|Any CPU.ActiveCfg = Release|Any CPU
		{E467628C-3CE5-4C86-BE6A-4239825C17DD}.Release|Any CPU.Build.0 = Release|Any CPU
		{E467628C-3CE5-4C86-BE6A-4239825C17DD}.Release|x64.ActiveCfg = Release|Any CPU
		{E467628C-3CE5-4C86-BE6A-4239825C17DD}.Release|x64.Build.0 = Release|Any CPU
		{E467628C-3CE5-4C86-BE6A-4239825C17DD}.Release|x86.ActiveCfg = Release|Any CPU
		{E467628C-3CE5-4C86-BE6A-4239825C17DD}.Release|x86.Build.0 = Release|Any CPU
		{8DD7A990-3968-4F95-9F88-E07F715DB1F1}.Debug|Any CPU.ActiveCfg = Debug|Any CPU
		{8DD7A990-3968-4F95-9F88-E07F715DB1F1}.Debug|Any CPU.Build.0 = Debug|Any CPU
		{8DD7A990-3968-4F95-9F88-E07F715DB1F1}.Debug|x64.ActiveCfg = Debug|Any CPU
		{8DD7A990-3968-4F95-9F88-E07F715DB1F1}.Debug|x64.Build.0 = Debug|Any CPU
		{8DD7A990-3968-4F95-9F88-E07F715DB1F1}.Debug|x86.ActiveCfg = Debug|Any CPU
		{8DD7A990-3968-4F95-9F88-E07F715DB1F1}.Debug|x86.Build.0 = Debug|Any CPU
		{8DD7A990-3968-4F95-9F88-E07F715DB1F1}.Release|Any CPU.ActiveCfg = Release|Any CPU
		{8DD7A990-3968-4F95-9F88-E07F715DB1F1}.Release|Any CPU.Build.0 = Release|Any CPU
		{8DD7A990-3968-4F95-9F88-E07F715DB1F1}.Release|x64.ActiveCfg = Release|Any CPU
		{8DD7A990-3968-4F95-9F88-E07F715DB1F1}.Release|x64.Build.0 = Release|Any CPU
		{8DD7A990-3968-4F95-9F88-E07F715DB1F1}.Release|x86.ActiveCfg = Release|Any CPU
		{8DD7A990-3968-4F95-9F88-E07F715DB1F1}.Release|x86.Build.0 = Release|Any CPU
		{CE2995DD-36F4-4B3D-9168-95C524F9CFB6}.Debug|Any CPU.ActiveCfg = Debug|Any CPU
		{CE2995DD-36F4-4B3D-9168-95C524F9CFB6}.Debug|Any CPU.Build.0 = Debug|Any CPU
		{CE2995DD-36F4-4B3D-9168-95C524F9CFB6}.Debug|x64.ActiveCfg = Debug|Any CPU
		{CE2995DD-36F4-4B3D-9168-95C524F9CFB6}.Debug|x64.Build.0 = Debug|Any CPU
		{CE2995DD-36F4-4B3D-9168-95C524F9CFB6}.Debug|x86.ActiveCfg = Debug|Any CPU
		{CE2995DD-36F4-4B3D-9168-95C524F9CFB6}.Debug|x86.Build.0 = Debug|Any CPU
		{CE2995DD-36F4-4B3D-9168-95C524F9CFB6}.Release|Any CPU.ActiveCfg = Release|Any CPU
		{CE2995DD-36F4-4B3D-9168-95C524F9CFB6}.Release|Any CPU.Build.0 = Release|Any CPU
		{CE2995DD-36F4-4B3D-9168-95C524F9CFB6}.Release|x64.ActiveCfg = Release|Any CPU
		{CE2995DD-36F4-4B3D-9168-95C524F9CFB6}.Release|x64.Build.0 = Release|Any CPU
		{CE2995DD-36F4-4B3D-9168-95C524F9CFB6}.Release|x86.ActiveCfg = Release|Any CPU
		{CE2995DD-36F4-4B3D-9168-95C524F9CFB6}.Release|x86.Build.0 = Release|Any CPU
		{B9834030-909C-41E0-B682-370632A143F8}.Debug|Any CPU.ActiveCfg = Debug|Any CPU
		{B9834030-909C-41E0-B682-370632A143F8}.Debug|Any CPU.Build.0 = Debug|Any CPU
		{B9834030-909C-41E0-B682-370632A143F8}.Debug|x64.ActiveCfg = Debug|Any CPU
		{B9834030-909C-41E0-B682-370632A143F8}.Debug|x64.Build.0 = Debug|Any CPU
		{B9834030-909C-41E0-B682-370632A143F8}.Debug|x86.ActiveCfg = Debug|Any CPU
		{B9834030-909C-41E0-B682-370632A143F8}.Debug|x86.Build.0 = Debug|Any CPU
		{B9834030-909C-41E0-B682-370632A143F8}.Release|Any CPU.ActiveCfg = Release|Any CPU
		{B9834030-909C-41E0-B682-370632A143F8}.Release|Any CPU.Build.0 = Release|Any CPU
		{B9834030-909C-41E0-B682-370632A143F8}.Release|x64.ActiveCfg = Release|Any CPU
		{B9834030-909C-41E0-B682-370632A143F8}.Release|x64.Build.0 = Release|Any CPU
		{B9834030-909C-41E0-B682-370632A143F8}.Release|x86.ActiveCfg = Release|Any CPU
		{B9834030-909C-41E0-B682-370632A143F8}.Release|x86.Build.0 = Release|Any CPU
	EndGlobalSection
	GlobalSection(SolutionProperties) = preSolution
		HideSolutionNode = FALSE
	EndGlobalSection
	GlobalSection(ExtensibilityGlobals) = postSolution
		SolutionGuid = {B4E17F73-344E-4CFE-97B3-C5CD6E449720}
	EndGlobalSection
EndGlobal
